
Microsoft Visual Studio Solution File, Format Version 12.00
# Visual Studio Version 17
VisualStudioVersion = 17.2.32519.379
MinimumVisualStudioVersion = 10.0.40219.1
Project("{FAE04EC0-301F-11D3-BF4B-00C04F79EFBC}") = "CommandPattern", "CommandPattern\CommandPattern.csproj", "{D24ED722-68EA-4D77-9EE2-34782852A406}"
EndProject
Project("{FAE04EC0-301F-11D3-BF4B-00C04F79EFBC}") = "ObserverPattern", "ObserverPattern\ObserverPattern.csproj", "{86F30543-4047-4B72-A7C7-40E11311875F}"
EndProject
Project("{FAE04EC0-301F-11D3-BF4B-00C04F79EFBC}") = "FactoryPattern", "FactoryPattern\FactoryPattern.csproj", "{BA6C8715-F3A4-475B-B4CC-7069DDD5BC6D}"
EndProject
Project("{FAE04EC0-301F-11D3-BF4B-00C04F79EFBC}") = "StrategyPattern", "StrategyPattern\StrategyPattern.csproj", "{028DB5EB-AA12-486F-9906-20F0446B1C73}"
EndProject
Project("{FAE04EC0-301F-11D3-BF4B-00C04F79EFBC}") = "Specification", "Specification\Specification.csproj", "{9A94C64C-C0F9-4CE5-B710-FECACA80D4D2}"
EndProject
Global
	GlobalSection(SolutionConfigurationPlatforms) = preSolution
		Debug|Any CPU = Debug|Any CPU
		Release|Any CPU = Release|Any CPU
	EndGlobalSection
	GlobalSection(ProjectConfigurationPlatforms) = postSolution
		{D24ED722-68EA-4D77-9EE2-34782852A406}.Debug|Any CPU.ActiveCfg = Debug|Any CPU
		{D24ED722-68EA-4D77-9EE2-34782852A406}.Debug|Any CPU.Build.0 = Debug|Any CPU
		{D24ED722-68EA-4D77-9EE2-34782852A406}.Release|Any CPU.ActiveCfg = Release|Any CPU
		{D24ED722-68EA-4D77-9EE2-34782852A406}.Release|Any CPU.Build.0 = Release|Any CPU
		{86F30543-4047-4B72-A7C7-40E11311875F}.Debug|Any CPU.ActiveCfg = Debug|Any CPU
		{86F30543-4047-4B72-A7C7-40E11311875F}.Debug|Any CPU.Build.0 = Debug|Any CPU
		{86F30543-4047-4B72-A7C7-40E11311875F}.Release|Any CPU.ActiveCfg = Release|Any CPU
		{86F30543-4047-4B72-A7C7-40E11311875F}.Release|Any CPU.Build.0 = Release|Any CPU
		{BA6C8715-F3A4-475B-B4CC-7069DDD5BC6D}.Debug|Any CPU.ActiveCfg = Debug|Any CPU
		{BA6C8715-F3A4-475B-B4CC-7069DDD5BC6D}.Debug|Any CPU.Build.0 = Debug|Any CPU
		{BA6C8715-F3A4-475B-B4CC-7069DDD5BC6D}.Release|Any CPU.ActiveCfg = Release|Any CPU
		{BA6C8715-F3A4-475B-B4CC-7069DDD5BC6D}.Release|Any CPU.Build.0 = Release|Any CPU
		{028DB5EB-AA12-486F-9906-20F0446B1C73}.Debug|Any CPU.ActiveCfg = Debug|Any CPU
		{028DB5EB-AA12-486F-9906-20F0446B1C73}.Debug|Any CPU.Build.0 = Debug|Any CPU
		{028DB5EB-AA12-486F-9906-20F0446B1C73}.Release|Any CPU.ActiveCfg = Release|Any CPU
		{028DB5EB-AA12-486F-9906-20F0446B1C73}.Release|Any CPU.Build.0 = Release|Any CPU
		{9A94C64C-C0F9-4CE5-B710-FECACA80D4D2}.Debug|Any CPU.ActiveCfg = Debug|Any CPU
		{9A94C64C-C0F9-4CE5-B710-FECACA80D4D2}.Debug|Any CPU.Build.0 = Debug|Any CPU
		{9A94C64C-C0F9-4CE5-B710-FECACA80D4D2}.Release|Any CPU.ActiveCfg = Release|Any CPU
		{9A94C64C-C0F9-4CE5-B710-FECACA80D4D2}.Release|Any CPU.Build.0 = Release|Any CPU
	EndGlobalSection
	GlobalSection(SolutionProperties) = preSolution
		HideSolutionNode = FALSE
	EndGlobalSection
	GlobalSection(ExtensibilityGlobals) = postSolution
		SolutionGuid = {30F6B61A-5803-4E6C-8C05-895C2E6D8D48}
	EndGlobalSection
EndGlobal
